{
  "name": "ajax_twitter",
  "requires": true,
  "lockfileVersion": 1,
  "dependencies": {
    "jquery-serializejson": {
      "version": "2.9.0",
      "resolved": "https://registry.npmjs.org/jquery-serializejson/-/jquery-serializejson-2.9.0.tgz",
      "integrity": "sha512-xR7rjl0tRKIVioV5lOkOSv7K8BHMvGzYzC7Ech1iAYuZiYf0ksEpLC8OqjA5VApXf/qn/49O9hTmW70+/EA0vA=="
    }
  }
}
